
Microsoft Visual Studio Solution File, Format Version 12.00
# Visual Studio Version 17
VisualStudioVersion = 17.5.002.0
MinimumVisualStudioVersion = 10.0.40219.1
Project("{9A19103F-16F7-4668-BE54-9A1E7A4F7556}") = "TrilhaApiDesafio", "TrilhaApiDesafio.csproj", "{AD1E9828-132B-4719-994E-6D126F849F2B}"
EndProject
Global
	GlobalSection(SolutionConfigurationPlatforms) = preSolution
		Debug|Any CPU = Debug|Any CPU
		Release|Any CPU = Release|Any CPU
	EndGlobalSection
	GlobalSection(ProjectConfigurationPlatforms) = postSolution
		{AD1E9828-132B-4719-994E-6D126F849F2B}.Debug|Any CPU.ActiveCfg = Debug|Any CPU
		{AD1E9828-132B-4719-994E-6D126F849F2B}.Debug|Any CPU.Build.0 = Debug|Any CPU
		{AD1E9828-132B-4719-994E-6D126F849F2B}.Release|Any CPU.ActiveCfg = Release|Any CPU
		{AD1E9828-132B-4719-994E-6D126F849F2B}.Release|Any CPU.Build.0 = Release|Any CPU
	EndGlobalSection
	GlobalSection(SolutionProperties) = preSolution
		HideSolutionNode = FALSE
	EndGlobalSection
	GlobalSection(ExtensibilityGlobals) = postSolution
		SolutionGuid = {69F94EAA-2BE9-400A-9837-3E509AE6D4B4}
	EndGlobalSection
EndGlobal
